PODS:
  - Creditease (0.0.13)
  - YXCommon (0.0.33)

DEPENDENCIES:
  - Creditease (from `../Creditease`)
  - YXCommon (from `../YXCommon/`)

EXTERNAL SOURCES:
  Creditease:
    :path: ../Creditease
  YXCommon:
    :path: ../YXCommon/

SPEC CHECKSUMS:
  Creditease: 74a4a8d660a84a1095eef40ba67123ce702a7f87
  YXCommon: ca05a00d3801c280a2cc601897f6015b6181d727

COCOAPODS: 0.37.2
