// !$*UTF8*$!
{
	archiveVersion = 1;
	classes = {
	};
	objectVersion = 46;
	objects = {

/* Begin PBXBuildFile section */
		9BA8C5B31BF0CD3300A72FFF /* UINavigationController+FDFullscreenPopGesture.m in Sources */ = {isa = PBXBuildFile; fileRef = 9BA8C5B21BF0CD3300A72FFF /* UINavigationController+FDFullscreenPopGesture.m */; };
		9BA8C5B51BF0CD7100A72FFF /* VendorsReadMe in Resources */ = {isa = PBXBuildFile; fileRef = 9BA8C5B41BF0CD7100A72FFF /* VendorsReadMe */; };
		9BA8C5B81BF0CE0300A72FFF /* CustomerManagerReadMe in Resources */ = {isa = PBXBuildFile; fileRef = 9BA8C5B71BF0CE0300A72FFF /* CustomerManagerReadMe */; };
		9BA8C5C61BF0D20200A72FFF /* customerInfo@2x.png in Resources */ = {isa = PBXBuildFile; fileRef = 9BA8C5C41BF0D20200A72FFF /* customerInfo@2x.png */; };
		9BA8C5C71BF0D20200A72FFF /* customerInfo@3x.png in Resources */ = {isa = PBXBuildFile; fileRef = 9BA8C5C51BF0D20200A72FFF /* customerInfo@3x.png */; };
		9BA8C5CB1BF0D8AC00A72FFF /* UIColor+GJCategory.m in Sources */ = {isa = PBXBuildFile; fileRef = 9BA8C5CA1BF0D8AC00A72FFF /* UIColor+GJCategory.m */; };
		9BA8C5D91BF0DC8300A72FFF /* AJCustomerInfoTableViewCell.m in Sources */ = {isa = PBXBuildFile; fileRef = 9BA8C5D41BF0DC8300A72FFF /* AJCustomerInfoTableViewCell.m */; };
		9BA8C5DA1BF0DC8300A72FFF /* AJCustomerInfoTableViewCell.xib in Resources */ = {isa = PBXBuildFile; fileRef = 9BA8C5D51BF0DC8300A72FFF /* AJCustomerInfoTableViewCell.xib */; };
		9BA8C5DB1BF0DC8300A72FFF /* AJCustomerListTableViewController.m in Sources */ = {isa = PBXBuildFile; fileRef = 9BA8C5D71BF0DC8300A72FFF /* AJCustomerListTableViewController.m */; };
		9BA8C5DC1BF0DC8300A72FFF /* AJCustomerListTableViewController.xib in Resources */ = {isa = PBXBuildFile; fileRef = 9BA8C5D81BF0DC8300A72FFF /* AJCustomerListTableViewController.xib */; };
		9BA8C5E61BF0DCEB00A72FFF /* AJCustomerDetailTableViewController.m in Sources */ = {isa = PBXBuildFile; fileRef = 9BA8C5E41BF0DCEB00A72FFF /* AJCustomerDetailTableViewController.m */; };
		9BA8C5E71BF0DCEB00A72FFF /* AJCustomerDetailTableViewController.xib in Resources */ = {isa = PBXBuildFile; fileRef = 9BA8C5E51BF0DCEB00A72FFF /* AJCustomerDetailTableViewController.xib */; };
		9BA8C5F11BF0DED900A72FFF /* AJCustomerDetailAvatarTableViewCell.m in Sources */ = {isa = PBXBuildFile; fileRef = 9BA8C5EF1BF0DED900A72FFF /* AJCustomerDetailAvatarTableViewCell.m */; };
		9BA8C5F61BF0DEFD00A72FFF /* AJCustomerDeatailProgressTableViewCell.m in Sources */ = {isa = PBXBuildFile; fileRef = 9BA8C5F41BF0DEFD00A72FFF /* AJCustomerDeatailProgressTableViewCell.m */; };
		9BA8C5F71BF0DEFD00A72FFF /* AJCustomerDeatailProgressTableViewCell.xib in Resources */ = {isa = PBXBuildFile; fileRef = 9BA8C5F51BF0DEFD00A72FFF /* AJCustomerDeatailProgressTableViewCell.xib */; };
		9BA8C5FB1BF0DF1F00A72FFF /* AJCustomerDetailBaseTableViewCell.m in Sources */ = {isa = PBXBuildFile; fileRef = 9BA8C5F91BF0DF1F00A72FFF /* AJCustomerDetailBaseTableViewCell.m */; };
		9BA8C6011BF0F34500A72FFF /* AJCustomerDetailAvatarTableViewCell.xib in Resources */ = {isa = PBXBuildFile; fileRef = 9BA8C5FD1BF0F34500A72FFF /* AJCustomerDetailAvatarTableViewCell.xib */; };
		9BA8C6021BF0F34500A72FFF /* AJCustomerDetailTableViewCell.m in Sources */ = {isa = PBXBuildFile; fileRef = 9BA8C5FF1BF0F34500A72FFF /* AJCustomerDetailTableViewCell.m */; };
		9BA8C6031BF0F34500A72FFF /* AJCustomerDetailTableViewCell.xib in Resources */ = {isa = PBXBuildFile; fileRef = 9BA8C6001BF0F34500A72FFF /* AJCustomerDetailTableViewCell.xib */; };
		AA1A012B1BE8664C00930B8C /* LaunchScreen.xib in Resources */ = {isa = PBXBuildFile; fileRef = AA1A01291BE8664C00930B8C /* LaunchScreen.xib */; };
		AA1A014B1BE877F500930B8C /* CYLPlusButton.m in Sources */ = {isa = PBXBuildFile; fileRef = AA1A01411BE877F500930B8C /* CYLPlusButton.m */; };
		AA1A014C1BE877F500930B8C /* CYLTabBar.m in Sources */ = {isa = PBXBuildFile; fileRef = AA1A01431BE877F500930B8C /* CYLTabBar.m */; };
		AA1A014D1BE877F500930B8C /* CYLTabBarController.m in Sources */ = {isa = PBXBuildFile; fileRef = AA1A01451BE877F500930B8C /* CYLTabBarController.m */; };
		AA1A014E1BE877F500930B8C /* Default-568h@2x.png in Resources */ = {isa = PBXBuildFile; fileRef = AA1A01471BE877F500930B8C /* Default-568h@2x.png */; };
		AA1A014F1BE877F500930B8C /* Default.png in Resources */ = {isa = PBXBuildFile; fileRef = AA1A01481BE877F500930B8C /* Default.png */; };
		AA1A01501BE877F500930B8C /* Default@2x.png in Resources */ = {isa = PBXBuildFile; fileRef = AA1A01491BE877F500930B8C /* Default@2x.png */; };
		AA1A01511BE877F500930B8C /* Default@3x.png in Resources */ = {isa = PBXBuildFile; fileRef = AA1A014A1BE877F500930B8C /* Default@3x.png */; };
		AA1A015E1BE87DCB00930B8C /* Common.m in Sources */ = {isa = PBXBuildFile; fileRef = AA1A015D1BE87DCB00930B8C /* Common.m */; };
		AA1A01621BE8813900930B8C /* CustomNavigationBarController.m in Sources */ = {isa = PBXBuildFile; fileRef = AA1A01611BE8813900930B8C /* CustomNavigationBarController.m */; };
		AA1A01761BE88AC600930B8C /* my_highlight@2x.png in Resources */ = {isa = PBXBuildFile; fileRef = AA1A01701BE88AC600930B8C /* my_highlight@2x.png */; };
		AA1A01771BE88AC600930B8C /* my_normal@2x.png in Resources */ = {isa = PBXBuildFile; fileRef = AA1A01711BE88AC600930B8C /* my_normal@2x.png */; };
		AA1A01781BE88AC600930B8C /* sale_hignlight@2x.png in Resources */ = {isa = PBXBuildFile; fileRef = AA1A01721BE88AC600930B8C /* sale_hignlight@2x.png */; };
		AA1A01791BE88AC600930B8C /* sale_normal@2x.png in Resources */ = {isa = PBXBuildFile; fileRef = AA1A01731BE88AC600930B8C /* sale_normal@2x.png */; };
		AA1A017A1BE88AC600930B8C /* wellChosen_highlight@2x.png in Resources */ = {isa = PBXBuildFile; fileRef = AA1A01741BE88AC600930B8C /* wellChosen_highlight@2x.png */; };
		AA1A017B1BE88AC600930B8C /* wellChosen_normal@2x.png in Resources */ = {isa = PBXBuildFile; fileRef = AA1A01751BE88AC600930B8C /* wellChosen_normal@2x.png */; };
		AA1A01821BE88B9D00930B8C /* my_highlight@3x.png in Resources */ = {isa = PBXBuildFile; fileRef = AA1A017C1BE88B9D00930B8C /* my_highlight@3x.png */; };
		AA1A01831BE88B9D00930B8C /* my_normal@3x.png in Resources */ = {isa = PBXBuildFile; fileRef = AA1A017D1BE88B9D00930B8C /* my_normal@3x.png */; };
		AA1A01841BE88B9D00930B8C /* sale_highlight@3x.png in Resources */ = {isa = PBXBuildFile; fileRef = AA1A017E1BE88B9D00930B8C /* sale_highlight@3x.png */; };
		AA1A01851BE88B9D00930B8C /* sale_normal@3x.png in Resources */ = {isa = PBXBuildFile; fileRef = AA1A017F1BE88B9D00930B8C /* sale_normal@3x.png */; };
		AA1A01861BE88B9D00930B8C /* saleChosen_highlight@3x.png in Resources */ = {isa = PBXBuildFile; fileRef = AA1A01801BE88B9D00930B8C /* saleChosen_highlight@3x.png */; };
		AA1A01871BE88B9D00930B8C /* saleChosen_normal@3x.png in Resources */ = {isa = PBXBuildFile; fileRef = AA1A01811BE88B9D00930B8C /* saleChosen_normal@3x.png */; };
		AA1A018C1BE8AE6700930B8C /* WellChosenViewController.m in Sources */ = {isa = PBXBuildFile; fileRef = AA1A018A1BE8AE6700930B8C /* WellChosenViewController.m */; };
		AA1A01911BE8AF2200930B8C /* SaleChampionViewController.m in Sources */ = {isa = PBXBuildFile; fileRef = AA1A018F1BE8AF2200930B8C /* SaleChampionViewController.m */; };
		AA1A01961BE8AFEE00930B8C /* MyViewController.m in Sources */ = {isa = PBXBuildFile; fileRef = AA1A01941BE8AFEE00930B8C /* MyViewController.m */; };
		AA72E6C91BE99DC3002A03D6 /* WellChosenTableCell.m in Sources */ = {isa = PBXBuildFile; fileRef = AA72E6C81BE99DC3002A03D6 /* WellChosenTableCell.m */; };
		AA72E6CC1BE9A313002A03D6 /* 1.jpeg in Resources */ = {isa = PBXBuildFile; fileRef = AA72E6CA1BE9A313002A03D6 /* 1.jpeg */; };
		AA72E6CD1BE9A313002A03D6 /* 0.jpg in Resources */ = {isa = PBXBuildFile; fileRef = AA72E6CB1BE9A313002A03D6 /* 0.jpg */; };
		AA72E6D01BE9CDAC002A03D6 /* AllHousesViewController.m in Sources */ = {isa = PBXBuildFile; fileRef = AA72E6CF1BE9CDAC002A03D6 /* AllHousesViewController.m */; };
		AA72E6D31BE9ED83002A03D6 /* AllHousesTableViewCell.m in Sources */ = {isa = PBXBuildFile; fileRef = AA72E6D21BE9ED83002A03D6 /* AllHousesTableViewCell.m */; };
		AA72E6D61BEA0136002A03D6 /* 2.jpg in Resources */ = {isa = PBXBuildFile; fileRef = AA72E6D41BEA0136002A03D6 /* 2.jpg */; };
		AA72E6D71BEA0136002A03D6 /* 3.jpg in Resources */ = {isa = PBXBuildFile; fileRef = AA72E6D51BEA0136002A03D6 /* 3.jpg */; };
		AA840CF01BE8520B00AEADF1 /* main.m in Sources */ = {isa = PBXBuildFile; fileRef = AA840CEF1BE8520B00AEADF1 /* main.m */; };
		AA840CF31BE8520B00AEADF1 /* AppDelegate.m in Sources */ = {isa = PBXBuildFile; fileRef = AA840CF21BE8520B00AEADF1 /* AppDelegate.m */; };
		AA840CFB1BE8520B00AEADF1 /* Images.xcassets in Resources */ = {isa = PBXBuildFile; fileRef = AA840CFA1BE8520B00AEADF1 /* Images.xcassets */; };
		AA840D0A1BE8520B00AEADF1 /* AnJuOrganizationTests.m in Sources */ = {isa = PBXBuildFile; fileRef = AA840D091BE8520B00AEADF1 /* AnJuOrganizationTests.m */; };
		AA9075881BF0BE9000E8687A /* HouseDetailViewController.m in Sources */ = {isa = PBXBuildFile; fileRef = AA9075871BF0BE9000E8687A /* HouseDetailViewController.m */; };
		AA94C4971BF05BF0006B5F9D /* WPExpandHeader.m in Sources */ = {isa = PBXBuildFile; fileRef = AA94C4961BF05BF0006B5F9D /* WPExpandHeader.m */; };
		AA94C4A31BF06FD2006B5F9D /* myAbout@2x.png in Resources */ = {isa = PBXBuildFile; fileRef = AA94C4991BF06FD2006B5F9D /* myAbout@2x.png */; };
		AA94C4A41BF06FD2006B5F9D /* myAbout@3x.png in Resources */ = {isa = PBXBuildFile; fileRef = AA94C49A1BF06FD2006B5F9D /* myAbout@3x.png */; };
		AA94C4A51BF06FD2006B5F9D /* myHelp@2x.png in Resources */ = {isa = PBXBuildFile; fileRef = AA94C49B1BF06FD2006B5F9D /* myHelp@2x.png */; };
		AA94C4A61BF06FD2006B5F9D /* myHelp@3x.png in Resources */ = {isa = PBXBuildFile; fileRef = AA94C49C1BF06FD2006B5F9D /* myHelp@3x.png */; };
		AA94C4A71BF06FD2006B5F9D /* myMiMa@2x.png in Resources */ = {isa = PBXBuildFile; fileRef = AA94C49D1BF06FD2006B5F9D /* myMiMa@2x.png */; };
		AA94C4A81BF06FD2006B5F9D /* myMiMa@3x.png in Resources */ = {isa = PBXBuildFile; fileRef = AA94C49E1BF06FD2006B5F9D /* myMiMa@3x.png */; };
		AA94C4A91BF06FD2006B5F9D /* myUpDate@2x.png in Resources */ = {isa = PBXBuildFile; fileRef = AA94C49F1BF06FD2006B5F9D /* myUpDate@2x.png */; };
		AA94C4AA1BF06FD2006B5F9D /* myUpDate@3x.png in Resources */ = {isa = PBXBuildFile; fileRef = AA94C4A01BF06FD2006B5F9D /* myUpDate@3x.png */; };
		AA94C4AB1BF06FD2006B5F9D /* myYong@2x.png in Resources */ = {isa = PBXBuildFile; fileRef = AA94C4A11BF06FD2006B5F9D /* myYong@2x.png */; };
		AA94C4AC1BF06FD2006B5F9D /* myYong@3x.png in Resources */ = {isa = PBXBuildFile; fileRef = AA94C4A21BF06FD2006B5F9D /* myYong@3x.png */; };
		AA94C4AE1BF08F69006B5F9D /* mySeting@2x.png in Resources */ = {isa = PBXBuildFile; fileRef = AA94C4AD1BF08F69006B5F9D /* mySeting@2x.png */; };
		AA94C4B01BF08F80006B5F9D /* mySeting@3x.png in Resources */ = {isa = PBXBuildFile; fileRef = AA94C4AF1BF08F80006B5F9D /* mySeting@3x.png */; };
		AA94C4B31BF091B6006B5F9D /* touXiang@2x.png in Resources */ = {isa = PBXBuildFile; fileRef = AA94C4B11BF091B6006B5F9D /* touXiang@2x.png */; };
		AA94C4B41BF091B6006B5F9D /* touXiang@3x.png in Resources */ = {isa = PBXBuildFile; fileRef = AA94C4B21BF091B6006B5F9D /* touXiang@3x.png */; };
		AABFB47D1BEC5A75006D9870 /* WPPagedFlowView.m in Sources */ = {isa = PBXBuildFile; fileRef = AABFB47C1BEC5A75006D9870 /* WPPagedFlowView.m */; };
		AABFB4821BEC741E006D9870 /* CusstomPageView.m in Sources */ = {isa = PBXBuildFile; fileRef = AABFB4811BEC741E006D9870 /* CusstomPageView.m */; };
		AAEF75811BEE247400EDECC8 /* allHouses@2x.png in Resources */ = {isa = PBXBuildFile; fileRef = AAEF75751BEE247400EDECC8 /* allHouses@2x.png */; };
		AAEF75821BEE247400EDECC8 /* allHouses@3x.png in Resources */ = {isa = PBXBuildFile; fileRef = AAEF75761BEE247400EDECC8 /* allHouses@3x.png */; };
		AAEF75831BEE247400EDECC8 /* managerClient@2x.png in Resources */ = {isa = PBXBuildFile; fileRef = AAEF75771BEE247400EDECC8 /* managerClient@2x.png */; };
		AAEF75841BEE247400EDECC8 /* managerClient@3x.png in Resources */ = {isa = PBXBuildFile; fileRef = AAEF75781BEE247400EDECC8 /* managerClient@3x.png */; };
		AAEF75851BEE247400EDECC8 /* myHouse@2x.png in Resources */ = {isa = PBXBuildFile; fileRef = AAEF75791BEE247400EDECC8 /* myHouse@2x.png */; };
		AAEF75861BEE247400EDECC8 /* myHouse@3x.png in Resources */ = {isa = PBXBuildFile; fileRef = AAEF757A1BEE247400EDECC8 /* myHouse@3x.png */; };
		AAEF75871BEE247400EDECC8 /* myMoeny@2x.png in Resources */ = {isa = PBXBuildFile; fileRef = AAEF757B1BEE247400EDECC8 /* myMoeny@2x.png */; };
		AAEF75881BEE247400EDECC8 /* myMoeny@3x.png in Resources */ = {isa = PBXBuildFile; fileRef = AAEF757C1BEE247400EDECC8 /* myMoeny@3x.png */; };
		AAEF75891BEE247400EDECC8 /* myPlease@2x.png in Resources */ = {isa = PBXBuildFile; fileRef = AAEF757D1BEE247400EDECC8 /* myPlease@2x.png */; };
		AAEF758A1BEE247400EDECC8 /* myPlease@3x.png in Resources */ = {isa = PBXBuildFile; fileRef = AAEF757E1BEE247400EDECC8 /* myPlease@3x.png */; };
		AAEF758B1BEE247400EDECC8 /* recomendHistory@2x.png in Resources */ = {isa = PBXBuildFile; fileRef = AAEF757F1BEE247400EDECC8 /* recomendHistory@2x.png */; };
		AAEF758C1BEE247400EDECC8 /* recomendHistory@3x.png in Resources */ = {isa = PBXBuildFile; fileRef = AAEF75801BEE247400EDECC8 /* recomendHistory@3x.png */; };
		AAEF758F1BEF430900EDECC8 /* OtherCusstomPageView.m in Sources */ = {isa = PBXBuildFile; fileRef = AAEF758E1BEF430900EDECC8 /* OtherCusstomPageView.m */; };
/* End PBXBuildFile section */

/* Begin PBXContainerItemProxy section */
		AA840D041BE8520B00AEADF1 /* PBXContainerItemProxy */ = {
			isa = PBXContainerItemProxy;
			containerPortal = AA840CE21BE8520B00AEADF1 /* Project object */;
			proxyType = 1;
			remoteGlobalIDString = AA840CE91BE8520B00AEADF1;
			remoteInfo = AnJuOrganization;
		};
/* End PBXContainerItemProxy section */

/* Begin PBXFileReference section */
		9BA8C5B11BF0CD3300A72FFF /* UINavigationController+FDFullscreenPopGesture.h */ = {isa = PBXFileReference; fileEncoding = 4; lastKnownFileType = sourcecode.c.h; path = "UINavigationController+FDFullscreenPopGesture.h"; sourceTree = "<group>"; };
		9BA8C5B21BF0CD3300A72FFF /* UINavigationController+FDFullscreenPopGesture.m */ = {isa = PBXFileReference; fileEncoding = 4; lastKnownFileType = sourcecode.c.objc; path = "UINavigationController+FDFullscreenPopGesture.m"; sourceTree = "<group>"; };
		9BA8C5B41BF0CD7100A72FFF /* VendorsReadMe */ = {isa = PBXFileReference; fileEncoding = 4; lastKnownFileType = text; path = VendorsReadMe; sourceTree = "<group>"; };
		9BA8C5B71BF0CE0300A72FFF /* CustomerManagerReadMe */ = {isa = PBXFileReference; fileEncoding = 4; lastKnownFileType = text; path = CustomerManagerReadMe; sourceTree = "<group>"; };
		9BA8C5C41BF0D20200A72FFF /* customerInfo@2x.png */ = {isa = PBXFileReference; lastKnownFileType = image.png; path = "customerInfo@2x.png"; sourceTree = "<group>"; };
		9BA8C5C51BF0D20200A72FFF /* customerInfo@3x.png */ = {isa = PBXFileReference; lastKnownFileType = image.png; path = "customerInfo@3x.png"; sourceTree = "<group>"; };
		9BA8C5C91BF0D8AC00A72FFF /* UIColor+GJCategory.h */ = {isa = PBXFileReference; fileEncoding = 4; lastKnownFileType = sourcecode.c.h; path = "UIColor+GJCategory.h"; sourceTree = "<group>"; };
		9BA8C5CA1BF0D8AC00A72FFF /* UIColor+GJCategory.m */ = {isa = PBXFileReference; fileEncoding = 4; lastKnownFileType = sourcecode.c.objc; path = "UIColor+GJCategory.m"; sourceTree = "<group>"; };
		9BA8C5D31BF0DC8300A72FFF /* AJCustomerInfoTableViewCell.h */ = {isa = PBXFileReference; fileEncoding = 4; lastKnownFileType = sourcecode.c.h; path = AJCustomerInfoTableViewCell.h; sourceTree = "<group>"; };
		9BA8C5D41BF0DC8300A72FFF /* AJCustomerInfoTableViewCell.m */ = {isa = PBXFileReference; fileEncoding = 4; lastKnownFileType = sourcecode.c.objc; path = AJCustomerInfoTableViewCell.m; sourceTree = "<group>"; };
		9BA8C5D51BF0DC8300A72FFF /* AJCustomerInfoTableViewCell.xib */ = {isa = PBXFileReference; fileEncoding = 4; lastKnownFileType = file.xib; path = AJCustomerInfoTableViewCell.xib; sourceTree = "<group>"; };
		9BA8C5D61BF0DC8300A72FFF /* AJCustomerListTableViewController.h */ = {isa = PBXFileReference; fileEncoding = 4; lastKnownFileType = sourcecode.c.h; path = AJCustomerListTableViewController.h; sourceTree = "<group>"; };
		9BA8C5D71BF0DC8300A72FFF /* AJCustomerListTableViewController.m */ = {isa = PBXFileReference; fileEncoding = 4; lastKnownFileType = sourcecode.c.objc; path = AJCustomerListTableViewController.m; sourceTree = "<group>"; };
		9BA8C5D81BF0DC8300A72FFF /* AJCustomerListTableViewController.xib */ = {isa = PBXFileReference; fileEncoding = 4; lastKnownFileType = file.xib; path = AJCustomerListTableViewController.xib; sourceTree = "<group>"; };
		9BA8C5E31BF0DCEB00A72FFF /* AJCustomerDetailTableViewController.h */ = {isa = PBXFileReference; fileEncoding = 4; lastKnownFileType = sourcecode.c.h; path = AJCustomerDetailTableViewController.h; sourceTree = "<group>"; };
		9BA8C5E41BF0DCEB00A72FFF /* AJCustomerDetailTableViewController.m */ = {isa = PBXFileReference; fileEncoding = 4; lastKnownFileType = sourcecode.c.objc; path = AJCustomerDetailTableViewController.m; sourceTree = "<group>"; };
		9BA8C5E51BF0DCEB00A72FFF /* AJCustomerDetailTableViewController.xib */ = {isa = PBXFileReference; fileEncoding = 4; lastKnownFileType = file.xib; path = AJCustomerDetailTableViewController.xib; sourceTree = "<group>"; };
		9BA8C5EE1BF0DED900A72FFF /* AJCustomerDetailAvatarTableViewCell.h */ = {isa = PBXFileReference; fileEncoding = 4; lastKnownFileType = sourcecode.c.h; path = AJCustomerDetailAvatarTableViewCell.h; sourceTree = "<group>"; };
		9BA8C5EF1BF0DED900A72FFF /* AJCustomerDetailAvatarTableViewCell.m */ = {isa = PBXFileReference; fileEncoding = 4; lastKnownFileType = sourcecode.c.objc; path = AJCustomerDetailAvatarTableViewCell.m; sourceTree = "<group>"; };
		9BA8C5F31BF0DEFD00A72FFF /* AJCustomerDeatailProgressTableViewCell.h */ = {isa = PBXFileReference; fileEncoding = 4; lastKnownFileType = sourcecode.c.h; path = AJCustomerDeatailProgressTableViewCell.h; sourceTree = "<group>"; };
		9BA8C5F41BF0DEFD00A72FFF /* AJCustomerDeatailProgressTableViewCell.m */ = {isa = PBXFileReference; fileEncoding = 4; lastKnownFileType = sourcecode.c.objc; path = AJCustomerDeatailProgressTableViewCell.m; sourceTree = "<group>"; };
		9BA8C5F51BF0DEFD00A72FFF /* AJCustomerDeatailProgressTableViewCell.xib */ = {isa = PBXFileReference; fileEncoding = 4; lastKnownFileType = file.xib; path = AJCustomerDeatailProgressTableViewCell.xib; sourceTree = "<group>"; };
		9BA8C5F81BF0DF1F00A72FFF /* AJCustomerDetailBaseTableViewCell.h */ = {isa = PBXFileReference; fileEncoding = 4; lastKnownFileType = sourcecode.c.h; path = AJCustomerDetailBaseTableViewCell.h; sourceTree = "<group>"; };
		9BA8C5F91BF0DF1F00A72FFF /* AJCustomerDetailBaseTableViewCell.m */ = {isa = PBXFileReference; fileEncoding = 4; lastKnownFileType = sourcecode.c.objc; path = AJCustomerDetailBaseTableViewCell.m; sourceTree = "<group>"; };
		9BA8C5FD1BF0F34500A72FFF /* AJCustomerDetailAvatarTableViewCell.xib */ = {isa = PBXFileReference; fileEncoding = 4; lastKnownFileType = file.xib; path = AJCustomerDetailAvatarTableViewCell.xib; sourceTree = "<group>"; };
		9BA8C5FE1BF0F34500A72FFF /* AJCustomerDetailTableViewCell.h */ = {isa = PBXFileReference; fileEncoding = 4; lastKnownFileType = sourcecode.c.h; path = AJCustomerDetailTableViewCell.h; sourceTree = "<group>"; };
		9BA8C5FF1BF0F34500A72FFF /* AJCustomerDetailTableViewCell.m */ = {isa = PBXFileReference; fileEncoding = 4; lastKnownFileType = sourcecode.c.objc; path = AJCustomerDetailTableViewCell.m; sourceTree = "<group>"; };
		9BA8C6001BF0F34500A72FFF /* AJCustomerDetailTableViewCell.xib */ = {isa = PBXFileReference; fileEncoding = 4; lastKnownFileType = file.xib; path = AJCustomerDetailTableViewCell.xib; sourceTree = "<group>"; };
		AA1A012A1BE8664C00930B8C /* Base */ = {isa = PBXFileReference; lastKnownFileType = file.xib; name = Base; path = Base.lproj/LaunchScreen.xib; sourceTree = "<group>"; };
		AA1A01401BE877F500930B8C /* CYLPlusButton.h */ = {isa = PBXFileReference; fileEncoding = 4; lastKnownFileType = sourcecode.c.h; path = CYLPlusButton.h; sourceTree = "<group>"; };
		AA1A01411BE877F500930B8C /* CYLPlusButton.m */ = {isa = PBXFileReference; fileEncoding = 4; lastKnownFileType = sourcecode.c.objc; path = CYLPlusButton.m; sourceTree = "<group>"; };
		AA1A01421BE877F500930B8C /* CYLTabBar.h */ = {isa = PBXFileReference; fileEncoding = 4; lastKnownFileType = sourcecode.c.h; path = CYLTabBar.h; sourceTree = "<group>"; };
		AA1A01431BE877F500930B8C /* CYLTabBar.m */ = {isa = PBXFileReference; fileEncoding = 4; lastKnownFileType = sourcecode.c.objc; path = CYLTabBar.m; sourceTree = "<group>"; };
		AA1A01441BE877F500930B8C /* CYLTabBarController.h */ = {isa = PBXFileReference; fileEncoding = 4; lastKnownFileType = sourcecode.c.h; path = CYLTabBarController.h; sourceTree = "<group>"; };
		AA1A01451BE877F500930B8C /* CYLTabBarController.m */ = {isa = PBXFileReference; fileEncoding = 4; lastKnownFileType = sourcecode.c.objc; path = CYLTabBarController.m; sourceTree = "<group>"; };
		AA1A01471BE877F500930B8C /* Default-568h@2x.png */ = {isa = PBXFileReference; lastKnownFileType = image.png; path = "Default-568h@2x.png"; sourceTree = "<group>"; };
		AA1A01481BE877F500930B8C /* Default.png */ = {isa = PBXFileReference; lastKnownFileType = image.png; path = Default.png; sourceTree = "<group>"; };
		AA1A01491BE877F500930B8C /* Default@2x.png */ = {isa = PBXFileReference; lastKnownFileType = image.png; path = "Default@2x.png"; sourceTree = "<group>"; };
		AA1A014A1BE877F500930B8C /* Default@3x.png */ = {isa = PBXFileReference; lastKnownFileType = image.png; path = "Default@3x.png"; sourceTree = "<group>"; };
		AA1A015B1BE87C1B00930B8C /* AnJuOrganization-Prefix.pch */ = {isa = PBXFileReference; fileEncoding = 4; lastKnownFileType = sourcecode.c.h; path = "AnJuOrganization-Prefix.pch"; sourceTree = "<group>"; };
		AA1A015C1BE87DCB00930B8C /* Common.h */ = {isa = PBXFileReference; fileEncoding = 4; lastKnownFileType = sourcecode.c.h; path = Common.h; sourceTree = "<group>"; };
		AA1A015D1BE87DCB00930B8C /* Common.m */ = {isa = PBXFileReference; fileEncoding = 4; lastKnownFileType = sourcecode.c.objc; path = Common.m; sourceTree = "<group>"; };
		AA1A01601BE8813900930B8C /* CustomNavigationBarController.h */ = {isa = PBXFileReference; fileEncoding = 4; lastKnownFileType = sourcecode.c.h; path = CustomNavigationBarController.h; sourceTree = "<group>"; };
		AA1A01611BE8813900930B8C /* CustomNavigationBarController.m */ = {isa = PBXFileReference; fileEncoding = 4; lastKnownFileType = sourcecode.c.objc; path = CustomNavigationBarController.m; sourceTree = "<group>"; };
		AA1A01701BE88AC600930B8C /* my_highlight@2x.png */ = {isa = PBXFileReference; lastKnownFileType = image.png; path = "my_highlight@2x.png"; sourceTree = "<group>"; };
		AA1A01711BE88AC600930B8C /* my_normal@2x.png */ = {isa = PBXFileReference; lastKnownFileType = image.png; path = "my_normal@2x.png"; sourceTree = "<group>"; };
		AA1A01721BE88AC600930B8C /* sale_hignlight@2x.png */ = {isa = PBXFileReference; lastKnownFileType = image.png; path = "sale_hignlight@2x.png"; sourceTree = "<group>"; };
		AA1A01731BE88AC600930B8C /* sale_normal@2x.png */ = {isa = PBXFileReference; lastKnownFileType = image.png; path = "sale_normal@2x.png"; sourceTree = "<group>"; };
		AA1A01741BE88AC600930B8C /* wellChosen_highlight@2x.png */ = {isa = PBXFileReference; lastKnownFileType = image.png; path = "wellChosen_highlight@2x.png"; sourceTree = "<group>"; };
		AA1A01751BE88AC600930B8C /* wellChosen_normal@2x.png */ = {isa = PBXFileReference; lastKnownFileType = image.png; path = "wellChosen_normal@2x.png"; sourceTree = "<group>"; };
		AA1A017C1BE88B9D00930B8C /* my_highlight@3x.png */ = {isa = PBXFileReference; lastKnownFileType = image.png; path = "my_highlight@3x.png"; sourceTree = "<group>"; };
		AA1A017D1BE88B9D00930B8C /* my_normal@3x.png */ = {isa = PBXFileReference; lastKnownFileType = image.png; path = "my_normal@3x.png"; sourceTree = "<group>"; };
		AA1A017E1BE88B9D00930B8C /* sale_highlight@3x.png */ = {isa = PBXFileReference; lastKnownFileType = image.png; path = "sale_highlight@3x.png"; sourceTree = "<group>"; };
		AA1A017F1BE88B9D00930B8C /* sale_normal@3x.png */ = {isa = PBXFileReference; lastKnownFileType = image.png; path = "sale_normal@3x.png"; sourceTree = "<group>"; };
		AA1A01801BE88B9D00930B8C /* saleChosen_highlight@3x.png */ = {isa = PBXFileReference; lastKnownFileType = image.png; path = "saleChosen_highlight@3x.png"; sourceTree = "<group>"; };
		AA1A01811BE88B9D00930B8C /* saleChosen_normal@3x.png */ = {isa = PBXFileReference; lastKnownFileType = image.png; path = "saleChosen_normal@3x.png"; sourceTree = "<group>"; };
		AA1A01891BE8AE6700930B8C /* WellChosenViewController.h */ = {isa = PBXFileReference; fileEncoding = 4; lastKnownFileType = sourcecode.c.h; path = WellChosenViewController.h; sourceTree = "<group>"; };
		AA1A018A1BE8AE6700930B8C /* WellChosenViewController.m */ = {isa = PBXFileReference; fileEncoding = 4; lastKnownFileType = sourcecode.c.objc; path = WellChosenViewController.m; sourceTree = "<group>"; };
		AA1A018E1BE8AF2200930B8C /* SaleChampionViewController.h */ = {isa = PBXFileReference; fileEncoding = 4; lastKnownFileType = sourcecode.c.h; path = SaleChampionViewController.h; sourceTree = "<group>"; };
		AA1A018F1BE8AF2200930B8C /* SaleChampionViewController.m */ = {isa = PBXFileReference; fileEncoding = 4; lastKnownFileType = sourcecode.c.objc; path = SaleChampionViewController.m; sourceTree = "<group>"; };
		AA1A01931BE8AFEE00930B8C /* MyViewController.h */ = {isa = PBXFileReference; fileEncoding = 4; lastKnownFileType = sourcecode.c.h; path = MyViewController.h; sourceTree = "<group>"; };
		AA1A01941BE8AFEE00930B8C /* MyViewController.m */ = {isa = PBXFileReference; fileEncoding = 4; lastKnownFileType = sourcecode.c.objc; path = MyViewController.m; sourceTree = "<group>"; };
		AA72E6C71BE99DC3002A03D6 /* WellChosenTableCell.h */ = {isa = PBXFileReference; fileEncoding = 4; lastKnownFileType = sourcecode.c.h; path = WellChosenTableCell.h; sourceTree = "<group>"; };
		AA72E6C81BE99DC3002A03D6 /* WellChosenTableCell.m */ = {isa = PBXFileReference; fileEncoding = 4; lastKnownFileType = sourcecode.c.objc; path = WellChosenTableCell.m; sourceTree = "<group>"; };
		AA72E6CA1BE9A313002A03D6 /* 1.jpeg */ = {isa = PBXFileReference; lastKnownFileType = image.jpeg; path = 1.jpeg; sourceTree = "<group>"; };
		AA72E6CB1BE9A313002A03D6 /* 0.jpg */ = {isa = PBXFileReference; lastKnownFileType = image.jpeg; path = 0.jpg; sourceTree = "<group>"; };
		AA72E6CE1BE9CDAC002A03D6 /* AllHousesViewController.h */ = {isa = PBXFileReference; fileEncoding = 4; lastKnownFileType = sourcecode.c.h; path = AllHousesViewController.h; sourceTree = "<group>"; };
		AA72E6CF1BE9CDAC002A03D6 /* AllHousesViewController.m */ = {isa = PBXFileReference; fileEncoding = 4; lastKnownFileType = sourcecode.c.objc; path = AllHousesViewController.m; sourceTree = "<group>"; };
		AA72E6D11BE9ED83002A03D6 /* AllHousesTableViewCell.h */ = {isa = PBXFileReference; fileEncoding = 4; lastKnownFileType = sourcecode.c.h; path = AllHousesTableViewCell.h; sourceTree = "<group>"; };
		AA72E6D21BE9ED83002A03D6 /* AllHousesTableViewCell.m */ = {isa = PBXFileReference; fileEncoding = 4; lastKnownFileType = sourcecode.c.objc; path = AllHousesTableViewCell.m; sourceTree = "<group>"; };
		AA72E6D41BEA0136002A03D6 /* 2.jpg */ = {isa = PBXFileReference; lastKnownFileType = image.jpeg; path = 2.jpg; sourceTree = "<group>"; };
		AA72E6D51BEA0136002A03D6 /* 3.jpg */ = {isa = PBXFileReference; lastKnownFileType = image.jpeg; path = 3.jpg; sourceTree = "<group>"; };
		AA840CEA1BE8520B00AEADF1 /* AnJuOrganization.app */ = {isa = PBXFileReference; explicitFileType = wrapper.application; includeInIndex = 0; path = AnJuOrganization.app; sourceTree = BUILT_PRODUCTS_DIR; };
		AA840CEE1BE8520B00AEADF1 /* Info.plist */ = {isa = PBXFileReference; lastKnownFileType = text.plist.xml; path = Info.plist; sourceTree = "<group>"; };
		AA840CEF1BE8520B00AEADF1 /* main.m */ = {isa = PBXFileReference; lastKnownFileType = sourcecode.c.objc; path = main.m; sourceTree = "<group>"; };
		AA840CF11BE8520B00AEADF1 /* AppDelegate.h */ = {isa = PBXFileReference; lastKnownFileType = sourcecode.c.h; path = AppDelegate.h; sourceTree = "<group>"; };
		AA840CF21BE8520B00AEADF1 /* AppDelegate.m */ = {isa = PBXFileReference; lastKnownFileType = sourcecode.c.objc; path = AppDelegate.m; sourceTree = "<group>"; };
		AA840CFA1BE8520B00AEADF1 /* Images.xcassets */ = {isa = PBXFileReference; lastKnownFileType = folder.assetcatalog; path = Images.xcassets; sourceTree = "<group>"; };
		AA840D031BE8520B00AEADF1 /* AnJuOrganizationTests.xctest */ = {isa = PBXFileReference; explicitFileType = wrapper.cfbundle; includeInIndex = 0; path = AnJuOrganizationTests.xctest; sourceTree = BUILT_PRODUCTS_DIR; };
		AA840D081BE8520B00AEADF1 /* Info.plist */ = {isa = PBXFileReference; lastKnownFileType = text.plist.xml; path = Info.plist; sourceTree = "<group>"; };
		AA840D091BE8520B00AEADF1 /* AnJuOrganizationTests.m */ = {isa = PBXFileReference; lastKnownFileType = sourcecode.c.objc; path = AnJuOrganizationTests.m; sourceTree = "<group>"; };
		AA9075861BF0BE9000E8687A /* HouseDetailViewController.h */ = {isa = PBXFileReference; fileEncoding = 4; lastKnownFileType = sourcecode.c.h; path = HouseDetailViewController.h; sourceTree = "<group>"; };
		AA9075871BF0BE9000E8687A /* HouseDetailViewController.m */ = {isa = PBXFileReference; fileEncoding = 4; lastKnownFileType = sourcecode.c.objc; path = HouseDetailViewController.m; sourceTree = "<group>"; };
		AA94C4951BF05BF0006B5F9D /* WPExpandHeader.h */ = {isa = PBXFileReference; fileEncoding = 4; lastKnownFileType = sourcecode.c.h; path = WPExpandHeader.h; sourceTree = "<group>"; };
		AA94C4961BF05BF0006B5F9D /* WPExpandHeader.m */ = {isa = PBXFileReference; fileEncoding = 4; lastKnownFileType = sourcecode.c.objc; path = WPExpandHeader.m; sourceTree = "<group>"; };
		AA94C4991BF06FD2006B5F9D /* myAbout@2x.png */ = {isa = PBXFileReference; lastKnownFileType = image.png; path = "myAbout@2x.png"; sourceTree = "<group>"; };
		AA94C49A1BF06FD2006B5F9D /* myAbout@3x.png */ = {isa = PBXFileReference; lastKnownFileType = image.png; path = "myAbout@3x.png"; sourceTree = "<group>"; };
		AA94C49B1BF06FD2006B5F9D /* myHelp@2x.png */ = {isa = PBXFileReference; lastKnownFileType = image.png; path = "myHelp@2x.png"; sourceTree = "<group>"; };
		AA94C49C1BF06FD2006B5F9D /* myHelp@3x.png */ = {isa = PBXFileReference; lastKnownFileType = image.png; path = "myHelp@3x.png"; sourceTree = "<group>"; };
		AA94C49D1BF06FD2006B5F9D /* myMiMa@2x.png */ = {isa = PBXFileReference; lastKnownFileType = image.png; path = "myMiMa@2x.png"; sourceTree = "<group>"; };
		AA94C49E1BF06FD2006B5F9D /* myMiMa@3x.png */ = {isa = PBXFileReference; lastKnownFileType = image.png; path = "myMiMa@3x.png"; sourceTree = "<group>"; };
		AA94C49F1BF06FD2006B5F9D /* myUpDate@2x.png */ = {isa = PBXFileReference; lastKnownFileType = image.png; path = "myUpDate@2x.png"; sourceTree = "<group>"; };
		AA94C4A01BF06FD2006B5F9D /* myUpDate@3x.png */ = {isa = PBXFileReference; lastKnownFileType = image.png; path = "myUpDate@3x.png"; sourceTree = "<group>"; };
		AA94C4A11BF06FD2006B5F9D /* myYong@2x.png */ = {isa = PBXFileReference; lastKnownFileType = image.png; path = "myYong@2x.png"; sourceTree = "<group>"; };
		AA94C4A21BF06FD2006B5F9D /* myYong@3x.png */ = {isa = PBXFileReference; lastKnownFileType = image.png; path = "myYong@3x.png"; sourceTree = "<group>"; };
		AA94C4AD1BF08F69006B5F9D /* mySeting@2x.png */ = {isa = PBXFileReference; lastKnownFileType = image.png; path = "mySeting@2x.png"; sourceTree = "<group>"; };
		AA94C4AF1BF08F80006B5F9D /* mySeting@3x.png */ = {isa = PBXFileReference; lastKnownFileType = image.png; path = "mySeting@3x.png"; sourceTree = "<group>"; };
		AA94C4B11BF091B6006B5F9D /* touXiang@2x.png */ = {isa = PBXFileReference; lastKnownFileType = image.png; path = "touXiang@2x.png"; sourceTree = "<group>"; };
		AA94C4B21BF091B6006B5F9D /* touXiang@3x.png */ = {isa = PBXFileReference; lastKnownFileType = image.png; path = "touXiang@3x.png"; sourceTree = "<group>"; };
		AABFB47B1BEC5A75006D9870 /* WPPagedFlowView.h */ = {isa = PBXFileReference; fileEncoding = 4; lastKnownFileType = sourcecode.c.h; path = WPPagedFlowView.h; sourceTree = "<group>"; };
		AABFB47C1BEC5A75006D9870 /* WPPagedFlowView.m */ = {isa = PBXFileReference; fileEncoding = 4; lastKnownFileType = sourcecode.c.objc; path = WPPagedFlowView.m; sourceTree = "<group>"; };
		AABFB4801BEC741E006D9870 /* CusstomPageView.h */ = {isa = PBXFileReference; fileEncoding = 4; lastKnownFileType = sourcecode.c.h; path = CusstomPageView.h; sourceTree = "<group>"; };
		AABFB4811BEC741E006D9870 /* CusstomPageView.m */ = {isa = PBXFileReference; fileEncoding = 4; lastKnownFileType = sourcecode.c.objc; path = CusstomPageView.m; sourceTree = "<group>"; };
		AAEF75751BEE247400EDECC8 /* allHouses@2x.png */ = {isa = PBXFileReference; lastKnownFileType = image.png; path = "allHouses@2x.png"; sourceTree = "<group>"; };
		AAEF75761BEE247400EDECC8 /* allHouses@3x.png */ = {isa = PBXFileReference; lastKnownFileType = image.png; path = "allHouses@3x.png"; sourceTree = "<group>"; };
		AAEF75771BEE247400EDECC8 /* managerClient@2x.png */ = {isa = PBXFileReference; lastKnownFileType = image.png; path = "managerClient@2x.png"; sourceTree = "<group>"; };
		AAEF75781BEE247400EDECC8 /* managerClient@3x.png */ = {isa = PBXFileReference; lastKnownFileType = image.png; path = "managerClient@3x.png"; sourceTree = "<group>"; };
		AAEF75791BEE247400EDECC8 /* myHouse@2x.png */ = {isa = PBXFileReference; lastKnownFileType = image.png; path = "myHouse@2x.png"; sourceTree = "<group>"; };
		AAEF757A1BEE247400EDECC8 /* myHouse@3x.png */ = {isa = PBXFileReference; lastKnownFileType = image.png; path = "myHouse@3x.png"; sourceTree = "<group>"; };
		AAEF757B1BEE247400EDECC8 /* myMoeny@2x.png */ = {isa = PBXFileReference; lastKnownFileType = image.png; path = "myMoeny@2x.png"; sourceTree = "<group>"; };
		AAEF757C1BEE247400EDECC8 /* myMoeny@3x.png */ = {isa = PBXFileReference; lastKnownFileType = image.png; path = "myMoeny@3x.png"; sourceTree = "<group>"; };
		AAEF757D1BEE247400EDECC8 /* myPlease@2x.png */ = {isa = PBXFileReference; lastKnownFileType = image.png; path = "myPlease@2x.png"; sourceTree = "<group>"; };
		AAEF757E1BEE247400EDECC8 /* myPlease@3x.png */ = {isa = PBXFileReference; lastKnownFileType = image.png; path = "myPlease@3x.png"; sourceTree = "<group>"; };
		AAEF757F1BEE247400EDECC8 /* recomendHistory@2x.png */ = {isa = PBXFileReference; lastKnownFileType = image.png; path = "recomendHistory@2x.png"; sourceTree = "<group>"; };
		AAEF75801BEE247400EDECC8 /* recomendHistory@3x.png */ = {isa = PBXFileReference; lastKnownFileType = image.png; path = "recomendHistory@3x.png"; sourceTree = "<group>"; };
		AAEF758D1BEF430900EDECC8 /* OtherCusstomPageView.h */ = {isa = PBXFileReference; fileEncoding = 4; lastKnownFileType = sourcecode.c.h; path = OtherCusstomPageView.h; sourceTree = "<group>"; };
		AAEF758E1BEF430900EDECC8 /* OtherCusstomPageView.m */ = {isa = PBXFileReference; fileEncoding = 4; lastKnownFileType = sourcecode.c.objc; path = OtherCusstomPageView.m; sourceTree = "<group>"; };
/* End PBXFileReference section */

/* Begin PBXFrameworksBuildPhase section */
		AA840CE71BE8520B00AEADF1 /* Frameworks */ = {
			isa = PBXFrameworksBuildPhase;
			buildActionMask = 2147483647;
			files = (
			);
			runOnlyForDeploymentPostprocessing = 0;
		};
		AA840D001BE8520B00AEADF1 /* Frameworks */ = {
			isa = PBXFrameworksBuildPhase;
			buildActionMask = 2147483647;
			files = (
			);
			runOnlyForDeploymentPostprocessing = 0;
		};
/* End PBXFrameworksBuildPhase section */

/* Begin PBXGroup section */
		9BA8C5AF1BF0CD3300A72FFF /* Vendors */ = {
			isa = PBXGroup;
			children = (
				9BA8C5B41BF0CD7100A72FFF /* VendorsReadMe */,
				9BA8C5B01BF0CD3300A72FFF /* FDFullscreenPopGesture */,
			);
			path = Vendors;
			sourceTree = "<group>";
		};
		9BA8C5B01BF0CD3300A72FFF /* FDFullscreenPopGesture */ = {
			isa = PBXGroup;
			children = (
				9BA8C5B11BF0CD3300A72FFF /* UINavigationController+FDFullscreenPopGesture.h */,
				9BA8C5B21BF0CD3300A72FFF /* UINavigationController+FDFullscreenPopGesture.m */,
			);
			path = FDFullscreenPopGesture;
			sourceTree = "<group>";
		};
		9BA8C5B61BF0CDE900A72FFF /* CustomerManager */ = {
			isa = PBXGroup;
			children = (
				9BA8C5E21BF0DCEB00A72FFF /* CustomerDetail */,
				9BA8C5D21BF0DC8300A72FFF /* CustomerInfo */,
				9BA8C5B71BF0CE0300A72FFF /* CustomerManagerReadMe */,
			);
			path = CustomerManager;
			sourceTree = "<group>";
		};
		9BA8C5C31BF0D20200A72FFF /* customerManager */ = {
			isa = PBXGroup;
			children = (
				9BA8C5C41BF0D20200A72FFF /* customerInfo@2x.png */,
				9BA8C5C51BF0D20200A72FFF /* customerInfo@3x.png */,
			);
			path = customerManager;
			sourceTree = "<group>";
		};
		9BA8C5C81BF0D8AC00A72FFF /* utils */ = {
			isa = PBXGroup;
			children = (
				9BA8C5C91BF0D8AC00A72FFF /* UIColor+GJCategory.h */,
				9BA8C5CA1BF0D8AC00A72FFF /* UIColor+GJCategory.m */,
			);
			path = utils;
			sourceTree = "<group>";
		};
		9BA8C5D21BF0DC8300A72FFF /* CustomerInfo */ = {
			isa = PBXGroup;
			children = (
				9BA8C5D31BF0DC8300A72FFF /* AJCustomerInfoTableViewCell.h */,
				9BA8C5D41BF0DC8300A72FFF /* AJCustomerInfoTableViewCell.m */,
				9BA8C5D51BF0DC8300A72FFF /* AJCustomerInfoTableViewCell.xib */,
				9BA8C5D61BF0DC8300A72FFF /* AJCustomerListTableViewController.h */,
				9BA8C5D71BF0DC8300A72FFF /* AJCustomerListTableViewController.m */,
				9BA8C5D81BF0DC8300A72FFF /* AJCustomerListTableViewController.xib */,
			);
			path = CustomerInfo;
			sourceTree = "<group>";
		};
		9BA8C5E21BF0DCEB00A72FFF /* CustomerDetail */ = {
			isa = PBXGroup;
			children = (
				9BA8C5ED1BF0DE8C00A72FFF /* CustomerDetailCell */,
				9BA8C5E31BF0DCEB00A72FFF /* AJCustomerDetailTableViewController.h */,
				9BA8C5E41BF0DCEB00A72FFF /* AJCustomerDetailTableViewController.m */,
				9BA8C5E51BF0DCEB00A72FFF /* AJCustomerDetailTableViewController.xib */,
			);
			path = CustomerDetail;
			sourceTree = "<group>";
		};
		9BA8C5ED1BF0DE8C00A72FFF /* CustomerDetailCell */ = {
			isa = PBXGroup;
			children = (
				9BA8C5FE1BF0F34500A72FFF /* AJCustomerDetailTableViewCell.h */,
				9BA8C5FF1BF0F34500A72FFF /* AJCustomerDetailTableViewCell.m */,
				9BA8C6001BF0F34500A72FFF /* AJCustomerDetailTableViewCell.xib */,
				9BA8C5EE1BF0DED900A72FFF /* AJCustomerDetailAvatarTableViewCell.h */,
				9BA8C5EF1BF0DED900A72FFF /* AJCustomerDetailAvatarTableViewCell.m */,
				9BA8C5FD1BF0F34500A72FFF /* AJCustomerDetailAvatarTableViewCell.xib */,
				9BA8C5F31BF0DEFD00A72FFF /* AJCustomerDeatailProgressTableViewCell.h */,
				9BA8C5F41BF0DEFD00A72FFF /* AJCustomerDeatailProgressTableViewCell.m */,
				9BA8C5F51BF0DEFD00A72FFF /* AJCustomerDeatailProgressTableViewCell.xib */,
				9BA8C5F81BF0DF1F00A72FFF /* AJCustomerDetailBaseTableViewCell.h */,
				9BA8C5F91BF0DF1F00A72FFF /* AJCustomerDetailBaseTableViewCell.m */,
			);
			name = CustomerDetailCell;
			sourceTree = "<group>";
		};
		AA1A013B1BE877BE00930B8C /* 个人 */ = {
			isa = PBXGroup;
			children = (
				AA1A01921BE8AFEE00930B8C /* PersonalViewControllers */,
				AA1A01951BE8AFEE00930B8C /* PersonalViews */,
			);
			path = "个人";
			sourceTree = "<group>";
		};
		AA1A013C1BE877F500930B8C /* 精选 */ = {
			isa = PBXGroup;
			children = (
				AA1A01881BE8AE6700930B8C /* WellChosenViewControllers */,
				AA1A018B1BE8AE6700930B8C /* WellChosenViews */,
			);
			path = "精选";
			sourceTree = "<group>";
		};
		AA1A013D1BE877F500930B8C /* 销霸 */ = {
			isa = PBXGroup;
			children = (
				AA1A018D1BE8AF2200930B8C /* SaleChampionControllers */,
				AA1A01901BE8AF2200930B8C /* SaleChampionViews */,
			);
			path = "销霸";
			sourceTree = "<group>";
		};
		AA1A013E1BE877F500930B8C /* Common */ = {
			isa = PBXGroup;
			children = (
				AA1A015C1BE87DCB00930B8C /* Common.h */,
				AA1A015D1BE87DCB00930B8C /* Common.m */,
				AA1A015F1BE880C300930B8C /* 自定义导航 */,
				AA1A013F1BE877F500930B8C /* CYLTabBarController */,
			);
			path = Common;
			sourceTree = "<group>";
		};
		AA1A013F1BE877F500930B8C /* CYLTabBarController */ = {
			isa = PBXGroup;
			children = (
				AA1A01401BE877F500930B8C /* CYLPlusButton.h */,
				AA1A01411BE877F500930B8C /* CYLPlusButton.m */,
				AA1A01421BE877F500930B8C /* CYLTabBar.h */,
				AA1A01431BE877F500930B8C /* CYLTabBar.m */,
				AA1A01441BE877F500930B8C /* CYLTabBarController.h */,
				AA1A01451BE877F500930B8C /* CYLTabBarController.m */,
			);
			path = CYLTabBarController;
			sourceTree = "<group>";
		};
		AA1A01461BE877F500930B8C /* Images */ = {
			isa = PBXGroup;
			children = (
				9BA8C5C31BF0D20200A72FFF /* customerManager */,
				AA94C4981BF06FD2006B5F9D /* 个人 */,
				AAEF75741BEE247400EDECC8 /* 经纪按钮 */,
				AA1A016F1BE88AC600930B8C /* Tabbar */,
				AA1A01471BE877F500930B8C /* Default-568h@2x.png */,
				AA1A01481BE877F500930B8C /* Default.png */,
				AA1A01491BE877F500930B8C /* Default@2x.png */,
				AA1A014A1BE877F500930B8C /* Default@3x.png */,
			);
			path = Images;
			sourceTree = "<group>";
		};
		AA1A015F1BE880C300930B8C /* 自定义导航 */ = {
			isa = PBXGroup;
			children = (
				AA1A01601BE8813900930B8C /* CustomNavigationBarController.h */,
				AA1A01611BE8813900930B8C /* CustomNavigationBarController.m */,
			);
			path = "自定义导航";
			sourceTree = "<group>";
		};
		AA1A016F1BE88AC600930B8C /* Tabbar */ = {
			isa = PBXGroup;
			children = (
				AA1A01701BE88AC600930B8C /* my_highlight@2x.png */,
				AA1A01711BE88AC600930B8C /* my_normal@2x.png */,
				AA1A01721BE88AC600930B8C /* sale_hignlight@2x.png */,
				AA1A01731BE88AC600930B8C /* sale_normal@2x.png */,
				AA1A01741BE88AC600930B8C /* wellChosen_highlight@2x.png */,
				AA1A01751BE88AC600930B8C /* wellChosen_normal@2x.png */,
				AA1A017C1BE88B9D00930B8C /* my_highlight@3x.png */,
				AA1A017D1BE88B9D00930B8C /* my_normal@3x.png */,
				AA1A017E1BE88B9D00930B8C /* sale_highlight@3x.png */,
				AA1A017F1BE88B9D00930B8C /* sale_normal@3x.png */,
				AA1A01801BE88B9D00930B8C /* saleChosen_highlight@3x.png */,
				AA1A01811BE88B9D00930B8C /* saleChosen_normal@3x.png */,
			);
			path = Tabbar;
			sourceTree = "<group>";
		};
		AA1A01881BE8AE6700930B8C /* WellChosenViewControllers */ = {
			isa = PBXGroup;
			children = (
				AA72E6CA1BE9A313002A03D6 /* 1.jpeg */,
				AA72E6CB1BE9A313002A03D6 /* 0.jpg */,
				AA72E6D41BEA0136002A03D6 /* 2.jpg */,
				AA72E6D51BEA0136002A03D6 /* 3.jpg */,
				AA1A01891BE8AE6700930B8C /* WellChosenViewController.h */,
				AA1A018A1BE8AE6700930B8C /* WellChosenViewController.m */,
				AA72E6CE1BE9CDAC002A03D6 /* AllHousesViewController.h */,
				AA72E6CF1BE9CDAC002A03D6 /* AllHousesViewController.m */,
				AA9075861BF0BE9000E8687A /* HouseDetailViewController.h */,
				AA9075871BF0BE9000E8687A /* HouseDetailViewController.m */,
			);
			path = WellChosenViewControllers;
			sourceTree = "<group>";
		};
		AA1A018B1BE8AE6700930B8C /* WellChosenViews */ = {
			isa = PBXGroup;
			children = (
				AA72E6C71BE99DC3002A03D6 /* WellChosenTableCell.h */,
				AA72E6C81BE99DC3002A03D6 /* WellChosenTableCell.m */,
				AA72E6D11BE9ED83002A03D6 /* AllHousesTableViewCell.h */,
				AA72E6D21BE9ED83002A03D6 /* AllHousesTableViewCell.m */,
			);
			path = WellChosenViews;
			sourceTree = "<group>";
		};
		AA1A018D1BE8AF2200930B8C /* SaleChampionControllers */ = {
			isa = PBXGroup;
			children = (
				AA1A018E1BE8AF2200930B8C /* SaleChampionViewController.h */,
				AA1A018F1BE8AF2200930B8C /* SaleChampionViewController.m */,
			);
			path = SaleChampionControllers;
			sourceTree = "<group>";
		};
		AA1A01901BE8AF2200930B8C /* SaleChampionViews */ = {
			isa = PBXGroup;
			children = (
				AABFB47B1BEC5A75006D9870 /* WPPagedFlowView.h */,
				AABFB47C1BEC5A75006D9870 /* WPPagedFlowView.m */,
				AABFB4801BEC741E006D9870 /* CusstomPageView.h */,
				AABFB4811BEC741E006D9870 /* CusstomPageView.m */,
				AAEF758D1BEF430900EDECC8 /* OtherCusstomPageView.h */,
				AAEF758E1BEF430900EDECC8 /* OtherCusstomPageView.m */,
			);
			path = SaleChampionViews;
			sourceTree = "<group>";
		};
		AA1A01921BE8AFEE00930B8C /* PersonalViewControllers */ = {
			isa = PBXGroup;
			children = (
				AA1A01931BE8AFEE00930B8C /* MyViewController.h */,
				AA1A01941BE8AFEE00930B8C /* MyViewController.m */,
			);
			path = PersonalViewControllers;
			sourceTree = "<group>";
		};
		AA1A01951BE8AFEE00930B8C /* PersonalViews */ = {
			isa = PBXGroup;
			children = (
				AA94C4951BF05BF0006B5F9D /* WPExpandHeader.h */,
				AA94C4961BF05BF0006B5F9D /* WPExpandHeader.m */,
			);
			path = PersonalViews;
			sourceTree = "<group>";
		};
		AA840CE11BE8520B00AEADF1 = {
			isa = PBXGroup;
			children = (
				AA840CEC1BE8520B00AEADF1 /* AnJuOrganization */,
				AA840D061BE8520B00AEADF1 /* AnJuOrganizationTests */,
				AA840CEB1BE8520B00AEADF1 /* Products */,
			);
			sourceTree = "<group>";
		};
		AA840CEB1BE8520B00AEADF1 /* Products */ = {
			isa = PBXGroup;
			children = (
				AA840CEA1BE8520B00AEADF1 /* AnJuOrganization.app */,
				AA840D031BE8520B00AEADF1 /* AnJuOrganizationTests.xctest */,
			);
			name = Products;
			sourceTree = "<group>";
		};
		AA840CEC1BE8520B00AEADF1 /* AnJuOrganization */ = {
			isa = PBXGroup;
			children = (
				9BA8C5C81BF0D8AC00A72FFF /* utils */,
				9BA8C5B61BF0CDE900A72FFF /* CustomerManager */,
				9BA8C5AF1BF0CD3300A72FFF /* Vendors */,
				AA840CF11BE8520B00AEADF1 /* AppDelegate.h */,
				AA840CF21BE8520B00AEADF1 /* AppDelegate.m */,
				AA1A01291BE8664C00930B8C /* LaunchScreen.xib */,
				AA840CFA1BE8520B00AEADF1 /* Images.xcassets */,
				AA1A013E1BE877F500930B8C /* Common */,
				AA1A013C1BE877F500930B8C /* 精选 */,
				AA1A013D1BE877F500930B8C /* 销霸 */,
				AA1A013B1BE877BE00930B8C /* 个人 */,
				AA1A01461BE877F500930B8C /* Images */,
				AA840CED1BE8520B00AEADF1 /* Supporting Files */,
			);
			path = AnJuOrganization;
			sourceTree = "<group>";
		};
		AA840CED1BE8520B00AEADF1 /* Supporting Files */ = {
			isa = PBXGroup;
			children = (
				AA840CEE1BE8520B00AEADF1 /* Info.plist */,
				AA840CEF1BE8520B00AEADF1 /* main.m */,
				AA1A015B1BE87C1B00930B8C /* AnJuOrganization-Prefix.pch */,
			);
			name = "Supporting Files";
			sourceTree = "<group>";
		};
		AA840D061BE8520B00AEADF1 /* AnJuOrganizationTests */ = {
			isa = PBXGroup;
			children = (
				AA840D091BE8520B00AEADF1 /* AnJuOrganizationTests.m */,
				AA840D071BE8520B00AEADF1 /* Supporting Files */,
			);
			path = AnJuOrganizationTests;
			sourceTree = "<group>";
		};
		AA840D071BE8520B00AEADF1 /* Supporting Files */ = {
			isa = PBXGroup;
			children = (
				AA840D081BE8520B00AEADF1 /* Info.plist */,
			);
			name = "Supporting Files";
			sourceTree = "<group>";
		};
		AA94C4981BF06FD2006B5F9D /* 个人 */ = {
			isa = PBXGroup;
			children = (
				AA94C4B11BF091B6006B5F9D /* touXiang@2x.png */,
				AA94C4B21BF091B6006B5F9D /* touXiang@3x.png */,
				AA94C4AF1BF08F80006B5F9D /* mySeting@3x.png */,
				AA94C4AD1BF08F69006B5F9D /* mySeting@2x.png */,
				AA94C4991BF06FD2006B5F9D /* myAbout@2x.png */,
				AA94C49A1BF06FD2006B5F9D /* myAbout@3x.png */,
				AA94C49B1BF06FD2006B5F9D /* myHelp@2x.png */,
				AA94C49C1BF06FD2006B5F9D /* myHelp@3x.png */,
				AA94C49D1BF06FD2006B5F9D /* myMiMa@2x.png */,
				AA94C49E1BF06FD2006B5F9D /* myMiMa@3x.png */,
				AA94C49F1BF06FD2006B5F9D /* myUpDate@2x.png */,
				AA94C4A01BF06FD2006B5F9D /* myUpDate@3x.png */,
				AA94C4A11BF06FD2006B5F9D /* myYong@2x.png */,
				AA94C4A21BF06FD2006B5F9D /* myYong@3x.png */,
			);
			path = "个人";
			sourceTree = "<group>";
		};
		AAEF75741BEE247400EDECC8 /* 经纪按钮 */ = {
			isa = PBXGroup;
			children = (
				AAEF75751BEE247400EDECC8 /* allHouses@2x.png */,
				AAEF75761BEE247400EDECC8 /* allHouses@3x.png */,
				AAEF75771BEE247400EDECC8 /* managerClient@2x.png */,
				AAEF75781BEE247400EDECC8 /* managerClient@3x.png */,
				AAEF75791BEE247400EDECC8 /* myHouse@2x.png */,
				AAEF757A1BEE247400EDECC8 /* myHouse@3x.png */,
				AAEF757B1BEE247400EDECC8 /* myMoeny@2x.png */,
				AAEF757C1BEE247400EDECC8 /* myMoeny@3x.png */,
				AAEF757D1BEE247400EDECC8 /* myPlease@2x.png */,
				AAEF757E1BEE247400EDECC8 /* myPlease@3x.png */,
				AAEF757F1BEE247400EDECC8 /* recomendHistory@2x.png */,
				AAEF75801BEE247400EDECC8 /* recomendHistory@3x.png */,
			);
			path = "经纪按钮";
			sourceTree = "<group>";
		};
/* End PBXGroup section */

/* Begin PBXNativeTarget section */
		AA840CE91BE8520B00AEADF1 /* AnJuOrganization */ = {
			isa = PBXNativeTarget;
			buildConfigurationList = AA840D0D1BE8520B00AEADF1 /* Build configuration list for PBXNativeTarget "AnJuOrganization" */;
			buildPhases = (
				AA840CE61BE8520B00AEADF1 /* Sources */,
				AA840CE71BE8520B00AEADF1 /* Frameworks */,
				AA840CE81BE8520B00AEADF1 /* Resources */,
			);
			buildRules = (
			);
			dependencies = (
			);
			name = AnJuOrganization;
			productName = AnJuOrganization;
			productReference = AA840CEA1BE8520B00AEADF1 /* AnJuOrganization.app */;
			productType = "com.apple.product-type.application";
		};
		AA840D021BE8520B00AEADF1 /* AnJuOrganizationTests */ = {
			isa = PBXNativeTarget;
			buildConfigurationList = AA840D101BE8520B00AEADF1 /* Build configuration list for PBXNativeTarget "AnJuOrganizationTests" */;
			buildPhases = (
				AA840CFF1BE8520B00AEADF1 /* Sources */,
				AA840D001BE8520B00AEADF1 /* Frameworks */,
				AA840D011BE8520B00AEADF1 /* Resources */,
			);
			buildRules = (
			);
			dependencies = (
				AA840D051BE8520B00AEADF1 /* PBXTargetDependency */,
			);
			name = AnJuOrganizationTests;
			productName = AnJuOrganizationTests;
			productReference = AA840D031BE8520B00AEADF1 /* AnJuOrganizationTests.xctest */;
			productType = "com.apple.product-type.bundle.unit-test";
		};
/* End PBXNativeTarget section */

/* Begin PBXProject section */
		AA840CE21BE8520B00AEADF1 /* Project object */ = {
			isa = PBXProject;
			attributes = {
				LastUpgradeCheck = 0640;
				ORGANIZATIONNAME = "王鹏";
				TargetAttributes = {
					AA840CE91BE8520B00AEADF1 = {
						CreatedOnToolsVersion = 6.4;
					};
					AA840D021BE8520B00AEADF1 = {
						CreatedOnToolsVersion = 6.4;
						TestTargetID = AA840CE91BE8520B00AEADF1;
					};
				};
			};
			buildConfigurationList = AA840CE51BE8520B00AEADF1 /* Build configuration list for PBXProject "AnJuOrganization" */;
			compatibilityVersion = "Xcode 3.2";
			developmentRegion = English;
			hasScannedForEncodings = 0;
			knownRegions = (
				en,
				Base,
			);
			mainGroup = AA840CE11BE8520B00AEADF1;
			productRefGroup = AA840CEB1BE8520B00AEADF1 /* Products */;
			projectDirPath = "";
			projectRoot = "";
			targets = (
				AA840CE91BE8520B00AEADF1 /* AnJuOrganization */,
				AA840D021BE8520B00AEADF1 /* AnJuOrganizationTests */,
			);
		};
/* End PBXProject section */

/* Begin PBXResourcesBuildPhase section */
		AA840CE81BE8520B00AEADF1 /* Resources */ = {
			isa = PBXResourcesBuildPhase;
			buildActionMask = 2147483647;
			files = (
				9BA8C6011BF0F34500A72FFF /* AJCustomerDetailAvatarTableViewCell.xib in Resources */,
				9BA8C5DA1BF0DC8300A72FFF /* AJCustomerInfoTableViewCell.xib in Resources */,
				AA1A01821BE88B9D00930B8C /* my_highlight@3x.png in Resources */,
				AA94C4A41BF06FD2006B5F9D /* myAbout@3x.png in Resources */,
				AA94C4A31BF06FD2006B5F9D /* myAbout@2x.png in Resources */,
				9BA8C5DC1BF0DC8300A72FFF /* AJCustomerListTableViewController.xib in Resources */,
				AA1A01501BE877F500930B8C /* Default@2x.png in Resources */,
				AA94C4B31BF091B6006B5F9D /* touXiang@2x.png in Resources */,
				AAEF75891BEE247400EDECC8 /* myPlease@2x.png in Resources */,
				AA94C4A81BF06FD2006B5F9D /* myMiMa@3x.png in Resources */,
				9BA8C6031BF0F34500A72FFF /* AJCustomerDetailTableViewCell.xib in Resources */,
				AA94C4AE1BF08F69006B5F9D /* mySeting@2x.png in Resources */,
				9BA8C5B81BF0CE0300A72FFF /* CustomerManagerReadMe in Resources */,
				9BA8C5E71BF0DCEB00A72FFF /* AJCustomerDetailTableViewController.xib in Resources */,
				AA72E6CC1BE9A313002A03D6 /* 1.jpeg in Resources */,
				AA1A01771BE88AC600930B8C /* my_normal@2x.png in Resources */,
				AA94C4B01BF08F80006B5F9D /* mySeting@3x.png in Resources */,
				AA1A017B1BE88AC600930B8C /* wellChosen_normal@2x.png in Resources */,
				AA1A01831BE88B9D00930B8C /* my_normal@3x.png in Resources */,
				AAEF75821BEE247400EDECC8 /* allHouses@3x.png in Resources */,
				AA1A01861BE88B9D00930B8C /* saleChosen_highlight@3x.png in Resources */,
				AA1A01781BE88AC600930B8C /* sale_hignlight@2x.png in Resources */,
				AAEF75871BEE247400EDECC8 /* myMoeny@2x.png in Resources */,
				AAEF758C1BEE247400EDECC8 /* recomendHistory@3x.png in Resources */,
				AA1A017A1BE88AC600930B8C /* wellChosen_highlight@2x.png in Resources */,
				AAEF75811BEE247400EDECC8 /* allHouses@2x.png in Resources */,
				AAEF758A1BEE247400EDECC8 /* myPlease@3x.png in Resources */,
				AA72E6D61BEA0136002A03D6 /* 2.jpg in Resources */,
				AA1A012B1BE8664C00930B8C /* LaunchScreen.xib in Resources */,
				AA72E6D71BEA0136002A03D6 /* 3.jpg in Resources */,
				9BA8C5B51BF0CD7100A72FFF /* VendorsReadMe in Resources */,
				AAEF75861BEE247400EDECC8 /* myHouse@3x.png in Resources */,
				AA1A014E1BE877F500930B8C /* Default-568h@2x.png in Resources */,
				AA840CFB1BE8520B00AEADF1 /* Images.xcassets in Resources */,
				AA1A01761BE88AC600930B8C /* my_highlight@2x.png in Resources */,
				AA94C4B41BF091B6006B5F9D /* touXiang@3x.png in Resources */,
				9BA8C5C71BF0D20200A72FFF /* customerInfo@3x.png in Resources */,
				AAEF75851BEE247400EDECC8 /* myHouse@2x.png in Resources */,
				AAEF75831BEE247400EDECC8 /* managerClient@2x.png in Resources */,
				AA1A01851BE88B9D00930B8C /* sale_normal@3x.png in Resources */,
				AA1A014F1BE877F500930B8C /* Default.png in Resources */,
				AA1A01511BE877F500930B8C /* Default@3x.png in Resources */,
				AA94C4AC1BF06FD2006B5F9D /* myYong@3x.png in Resources */,
				AAEF75881BEE247400EDECC8 /* myMoeny@3x.png in Resources */,
				AA72E6CD1BE9A313002A03D6 /* 0.jpg in Resources */,
				AA94C4A91BF06FD2006B5F9D /* myUpDate@2x.png in Resources */,
				AA94C4A71BF06FD2006B5F9D /* myMiMa@2x.png in Resources */,
				AA94C4AB1BF06FD2006B5F9D /* myYong@2x.png in Resources */,
				AAEF758B1BEE247400EDECC8 /* recomendHistory@2x.png in Resources */,
				9BA8C5F71BF0DEFD00A72FFF /* AJCustomerDeatailProgressTableViewCell.xib in Resources */,
				AA1A01791BE88AC600930B8C /* sale_normal@2x.png in Resources */,
				AA94C4AA1BF06FD2006B5F9D /* myUpDate@3x.png in Resources */,
				AA1A01871BE88B9D00930B8C /* saleChosen_normal@3x.png in Resources */,
				AAEF75841BEE247400EDECC8 /* managerClient@3x.png in Resources */,
				AA94C4A51BF06FD2006B5F9D /* myHelp@2x.png in Resources */,
				9BA8C5C61BF0D20200A72FFF /* customerInfo@2x.png in Resources */,
				AA94C4A61BF06FD2006B5F9D /* myHelp@3x.png in Resources */,
				AA1A01841BE88B9D00930B8C /* sale_highlight@3x.png in Resources */,
			);
			runOnlyForDeploymentPostprocessing = 0;
		};
		AA840D011BE8520B00AEADF1 /* Resources */ = {
			isa = PBXResourcesBuildPhase;
			buildActionMask = 2147483647;
			files = (
			);
			runOnlyForDeploymentPostprocessing = 0;
		};
/* End PBXResourcesBuildPhase section */

/* Begin PBXSourcesBuildPhase section */
		AA840CE61BE8520B00AEADF1 /* Sources */ = {
			isa = PBXSourcesBuildPhase;
			buildActionMask = 2147483647;
			files = (
				AA72E6D31BE9ED83002A03D6 /* AllHousesTableViewCell.m in Sources */,
				9BA8C6021BF0F34500A72FFF /* AJCustomerDetailTableViewCell.m in Sources */,
				AABFB47D1BEC5A75006D9870 /* WPPagedFlowView.m in Sources */,
				AA1A01621BE8813900930B8C /* CustomNavigationBarController.m in Sources */,
				AA1A015E1BE87DCB00930B8C /* Common.m in Sources */,
				AA1A018C1BE8AE6700930B8C /* WellChosenViewController.m in Sources */,
				AA1A01911BE8AF2200930B8C /* SaleChampionViewController.m in Sources */,
				9BA8C5F61BF0DEFD00A72FFF /* AJCustomerDeatailProgressTableViewCell.m in Sources */,
				AA1A01961BE8AFEE00930B8C /* MyViewController.m in Sources */,
				AA840CF31BE8520B00AEADF1 /* AppDelegate.m in Sources */,
				AA9075881BF0BE9000E8687A /* HouseDetailViewController.m in Sources */,
				AA1A014D1BE877F500930B8C /* CYLTabBarController.m in Sources */,
				AAEF758F1BEF430900EDECC8 /* OtherCusstomPageView.m in Sources */,
				AA72E6D01BE9CDAC002A03D6 /* AllHousesViewController.m in Sources */,
				AABFB4821BEC741E006D9870 /* CusstomPageView.m in Sources */,
				9BA8C5B31BF0CD3300A72FFF /* UINavigationController+FDFullscreenPopGesture.m in Sources */,
				AA72E6C91BE99DC3002A03D6 /* WellChosenTableCell.m in Sources */,
				9BA8C5E61BF0DCEB00A72FFF /* AJCustomerDetailTableViewController.m in Sources */,
				9BA8C5FB1BF0DF1F00A72FFF /* AJCustomerDetailBaseTableViewCell.m in Sources */,
				9BA8C5CB1BF0D8AC00A72FFF /* UIColor+GJCategory.m in Sources */,
				AA1A014B1BE877F500930B8C /* CYLPlusButton.m in Sources */,
				9BA8C5F11BF0DED900A72FFF /* AJCustomerDetailAvatarTableViewCell.m in Sources */,
				9BA8C5D91BF0DC8300A72FFF /* AJCustomerInfoTableViewCell.m in Sources */,
				9BA8C5DB1BF0DC8300A72FFF /* AJCustomerListTableViewController.m in Sources */,
				AA94C4971BF05BF0006B5F9D /* WPExpandHeader.m in Sources */,
				AA1A014C1BE877F500930B8C /* CYLTabBar.m in Sources */,
				AA840CF01BE8520B00AEADF1 /* main.m in Sources */,
			);
			runOnlyForDeploymentPostprocessing = 0;
		};
		AA840CFF1BE8520B00AEADF1 /* Sources */ = {
			isa = PBXSourcesBuildPhase;
			buildActionMask = 2147483647;
			files = (
				AA840D0A1BE8520B00AEADF1 /* AnJuOrganizationTests.m in Sources */,
			);
			runOnlyForDeploymentPostprocessing = 0;
		};
/* End PBXSourcesBuildPhase section */

/* Begin PBXTargetDependency section */
		AA840D051BE8520B00AEADF1 /* PBXTargetDependency */ = {
			isa = PBXTargetDependency;
			target = AA840CE91BE8520B00AEADF1 /* AnJuOrganization */;
			targetProxy = AA840D041BE8520B00AEADF1 /* PBXContainerItemProxy */;
		};
/* End PBXTargetDependency section */

/* Begin PBXVariantGroup section */
		AA1A01291BE8664C00930B8C /* LaunchScreen.xib */ = {
			isa = PBXVariantGroup;
			children = (
				AA1A012A1BE8664C00930B8C /* Base */,
			);
			name = LaunchScreen.xib;
			sourceTree = "<group>";
		};
/* End PBXVariantGroup section */

/* Begin XCBuildConfiguration section */
		AA840D0B1BE8520B00AEADF1 /* Debug */ = {
			isa = XCBuildConfiguration;
			buildSettings = {
				ALWAYS_SEARCH_USER_PATHS = NO;
				CLANG_CXX_LANGUAGE_STANDARD = "gnu++0x";
				CLANG_CXX_LIBRARY = "libc++";
				CLANG_ENABLE_MODULES = YES;
				CLANG_ENABLE_OBJC_ARC = YES;
				CLANG_WARN_BOOL_CONVERSION = YES;
				CLANG_WARN_CONSTANT_CONVERSION = YES;
				CLANG_WARN_DIRECT_OBJC_ISA_USAGE = YES_ERROR;
				CLANG_WARN_EMPTY_BODY = YES;
				CLANG_WARN_ENUM_CONVERSION = YES;
				CLANG_WARN_INT_CONVERSION = YES;
				CLANG_WARN_OBJC_ROOT_CLASS = YES_ERROR;
				CLANG_WARN_UNREACHABLE_CODE = YES;
				CLANG_WARN__DUPLICATE_METHOD_MATCH = YES;
				"CODE_SIGN_IDENTITY[sdk=iphoneos*]" = "iPhone Developer";
				COPY_PHASE_STRIP = NO;
				DEBUG_INFORMATION_FORMAT = "dwarf-with-dsym";
				ENABLE_STRICT_OBJC_MSGSEND = YES;
				GCC_C_LANGUAGE_STANDARD = gnu99;
				GCC_DYNAMIC_NO_PIC = NO;
				GCC_NO_COMMON_BLOCKS = YES;
				GCC_OPTIMIZATION_LEVEL = 0;
				GCC_PREPROCESSOR_DEFINITIONS = (
					"DEBUG=1",
					"$(inherited)",
				);
				GCC_SYMBOLS_PRIVATE_EXTERN = NO;
				GCC_WARN_64_TO_32_BIT_CONVERSION = YES;
				GCC_WARN_ABOUT_RETURN_TYPE = YES_ERROR;
				GCC_WARN_UNDECLARED_SELECTOR = YES;
				GCC_WARN_UNINITIALIZED_AUTOS = YES_AGGRESSIVE;
				GCC_WARN_UNUSED_FUNCTION = YES;
				GCC_WARN_UNUSED_VARIABLE = YES;
				IPHONEOS_DEPLOYMENT_TARGET = 8.4;
				MTL_ENABLE_DEBUG_INFO = YES;
				ONLY_ACTIVE_ARCH = YES;
				SDKROOT = iphoneos;
			};
			name = Debug;
		};
		AA840D0C1BE8520B00AEADF1 /* Release */ = {
			isa = XCBuildConfiguration;
			buildSettings = {
				ALWAYS_SEARCH_USER_PATHS = NO;
				CLANG_CXX_LANGUAGE_STANDARD = "gnu++0x";
				CLANG_CXX_LIBRARY = "libc++";
				CLANG_ENABLE_MODULES = YES;
				CLANG_ENABLE_OBJC_ARC = YES;
				CLANG_WARN_BOOL_CONVERSION = YES;
				CLANG_WARN_CONSTANT_CONVERSION = YES;
				CLANG_WARN_DIRECT_OBJC_ISA_USAGE = YES_ERROR;
				CLANG_WARN_EMPTY_BODY = YES;
				CLANG_WARN_ENUM_CONVERSION = YES;
				CLANG_WARN_INT_CONVERSION = YES;
				CLANG_WARN_OBJC_ROOT_CLASS = YES_ERROR;
				CLANG_WARN_UNREACHABLE_CODE = YES;
				CLANG_WARN__DUPLICATE_METHOD_MATCH = YES;
				"CODE_SIGN_IDENTITY[sdk=iphoneos*]" = "iPhone Developer";
				COPY_PHASE_STRIP = NO;
				DEBUG_INFORMATION_FORMAT = "dwarf-with-dsym";
				ENABLE_NS_ASSERTIONS = NO;
				ENABLE_STRICT_OBJC_MSGSEND = YES;
				GCC_C_LANGUAGE_STANDARD = gnu99;
				GCC_NO_COMMON_BLOCKS = YES;
				GCC_WARN_64_TO_32_BIT_CONVERSION = YES;
				GCC_WARN_ABOUT_RETURN_TYPE = YES_ERROR;
				GCC_WARN_UNDECLARED_SELECTOR = YES;
				GCC_WARN_UNINITIALIZED_AUTOS = YES_AGGRESSIVE;
				GCC_WARN_UNUSED_FUNCTION = YES;
				GCC_WARN_UNUSED_VARIABLE = YES;
				IPHONEOS_DEPLOYMENT_TARGET = 8.4;
				MTL_ENABLE_DEBUG_INFO = NO;
				SDKROOT = iphoneos;
				VALIDATE_PRODUCT = YES;
			};
			name = Release;
		};
		AA840D0E1BE8520B00AEADF1 /* Debug */ = {
			isa = XCBuildConfiguration;
			buildSettings = {
				ASSETCATALOG_COMPILER_APPICON_NAME = AppIcon;
				ASSETCATALOG_COMPILER_LAUNCHIMAGE_NAME = LaunchImage;
				GCC_PREFIX_HEADER = "$(SRCROOT)/AnJuOrganization/AnJuOrganization-Prefix.pch";
				INFOPLIST_FILE = AnJuOrganization/Info.plist;
				IPHONEOS_DEPLOYMENT_TARGET = 7.1;
				LD_RUNPATH_SEARCH_PATHS = "$(inherited) @executable_path/Frameworks";
				PRODUCT_NAME = "$(TARGET_NAME)";
			};
			name = Debug;
		};
		AA840D0F1BE8520B00AEADF1 /* Release */ = {
			isa = XCBuildConfiguration;
			buildSettings = {
				ASSETCATALOG_COMPILER_APPICON_NAME = AppIcon;
				ASSETCATALOG_COMPILER_LAUNCHIMAGE_NAME = LaunchImage;
				GCC_PREFIX_HEADER = "$(SRCROOT)/AnJuOrganization/AnJuOrganization-Prefix.pch";
				INFOPLIST_FILE = AnJuOrganization/Info.plist;
				IPHONEOS_DEPLOYMENT_TARGET = 7.1;
				LD_RUNPATH_SEARCH_PATHS = "$(inherited) @executable_path/Frameworks";
				PRODUCT_NAME = "$(TARGET_NAME)";
			};
			name = Release;
		};
		AA840D111BE8520B00AEADF1 /* Debug */ = {
			isa = XCBuildConfiguration;
			buildSettings = {
				BUNDLE_LOADER = "$(TEST_HOST)";
				FRAMEWORK_SEARCH_PATHS = (
					"$(SDKROOT)/Developer/Library/Frameworks",
					"$(inherited)",
				);
				GCC_PREPROCESSOR_DEFINITIONS = (
					"DEBUG=1",
					"$(inherited)",
				);
				INFOPLIST_FILE = AnJuOrganizationTests/Info.plist;
				LD_RUNPATH_SEARCH_PATHS = "$(inherited) @executable_path/Frameworks @loader_path/Frameworks";
				PRODUCT_NAME = "$(TARGET_NAME)";
				TEST_HOST = "$(BUILT_PRODUCTS_DIR)/AnJuOrganization.app/AnJuOrganization";
			};
			name = Debug;
		};
		AA840D121BE8520B00AEADF1 /* Release */ = {
			isa = XCBuildConfiguration;
			buildSettings = {
				BUNDLE_LOADER = "$(TEST_HOST)";
				FRAMEWORK_SEARCH_PATHS = (
					"$(SDKROOT)/Developer/Library/Frameworks",
					"$(inherited)",
				);
				INFOPLIST_FILE = AnJuOrganizationTests/Info.plist;
				LD_RUNPATH_SEARCH_PATHS = "$(inherited) @executable_path/Frameworks @loader_path/Frameworks";
				PRODUCT_NAME = "$(TARGET_NAME)";
				TEST_HOST = "$(BUILT_PRODUCTS_DIR)/AnJuOrganization.app/AnJuOrganization";
			};
			name = Release;
		};
/* End XCBuildConfiguration section */

/* Begin XCConfigurationList section */
		AA840CE51BE8520B00AEADF1 /* Build configuration list for PBXProject "AnJuOrganization" */ = {
			isa = XCConfigurationList;
			buildConfigurations = (
				AA840D0B1BE8520B00AEADF1 /* Debug */,
				AA840D0C1BE8520B00AEADF1 /* Release */,
			);
			defaultConfigurationIsVisible = 0;
			defaultConfigurationName = Release;
		};
		AA840D0D1BE8520B00AEADF1 /* Build configuration list for PBXNativeTarget "AnJuOrganization" */ = {
			isa = XCConfigurationList;
			buildConfigurations = (
				AA840D0E1BE8520B00AEADF1 /* Debug */,
				AA840D0F1BE8520B00AEADF1 /* Release */,
			);
			defaultConfigurationIsVisible = 0;
			defaultConfigurationName = Release;
		};
		AA840D101BE8520B00AEADF1 /* Build configuration list for PBXNativeTarget "AnJuOrganizationTests" */ = {
			isa = XCConfigurationList;
			buildConfigurations = (
				AA840D111BE8520B00AEADF1 /* Debug */,
				AA840D121BE8520B00AEADF1 /* Release */,
			);
			defaultConfigurationIsVisible = 0;
			defaultConfigurationName = Release;
		};
/* End XCConfigurationList section */
	};
	rootObject = AA840CE21BE8520B00AEADF1 /* Project object */;
}
